// !$*UTF8*$!
{
	archiveVersion = 1;
	classes = {
	};
	objectVersion = 56;
	objects = {

/* Begin PBXBuildFile section */
		40C062B429762E3F000B6639 /* AppDelegate.swift in Sources */ = {isa = PBXBuildFile; fileRef = 40C062B329762E3F000B6639 /* AppDelegate.swift */; };
		40C062B629762E3F000B6639 /* SceneDelegate.swift in Sources */ = {isa = PBXBuildFile; fileRef = 40C062B529762E3F000B6639 /* SceneDelegate.swift */; };
		40C062B829762E3F000B6639 /* ViewController.swift in Sources */ = {isa = PBXBuildFile; fileRef = 40C062B729762E3F000B6639 /* ViewController.swift */; };
		40C062BB29762E3F000B6639 /* Main.storyboard in Resources */ = {isa = PBXBuildFile; fileRef = 40C062B929762E3F000B6639 /* Main.storyboard */; };
		40C062BD29762E40000B6639 /* Assets.xcassets in Resources */ = {isa = PBXBuildFile; fileRef = 40C062BC29762E40000B6639 /* Assets.xcassets */; };
		40C062C029762E40000B6639 /* LaunchScreen.storyboard in Resources */ = {isa = PBXBuildFile; fileRef = 40C062BE29762E40000B6639 /* LaunchScreen.storyboard */; };
		40C062CC297631F3000B6639 /* Secrets.swift in Sources */ = {isa = PBXBuildFile; fileRef = 40C062CB297631F3000B6639 /* Secrets.swift */; };
		40C062CE2976FFF6000B6639 /* NetworkHelper.swift in Sources */ = {isa = PBXBuildFile; fileRef = 40C062CD2976FFF6000B6639 /* NetworkHelper.swift */; };
		40C062D629770061000B6639 /* RecipeSearchTests.swift in Sources */ = {isa = PBXBuildFile; fileRef = 40C062D529770061000B6639 /* RecipeSearchTests.swift */; };
		40C062DD297700A2000B6639 /* UIImage+Extensions.swift in Sources */ = {isa = PBXBuildFile; fileRef = 40C062DC297700A2000B6639 /* UIImage+Extensions.swift */; };
		40C062E22977072E000B6639 /* RecipeModel.swift in Sources */ = {isa = PBXBuildFile; fileRef = 40C062E12977072E000B6639 /* RecipeModel.swift */; };
		40C062E4297707D7000B6639 /* RecipeSearchAPI.swift in Sources */ = {isa = PBXBuildFile; fileRef = 40C062E3297707D7000B6639 /* RecipeSearchAPI.swift */; };
/* End PBXBuildFile section */

/* Begin PBXContainerItemProxy section */
		40C062D729770061000B6639 /* PBXContainerItemProxy */ = {
			isa = PBXContainerItemProxy;
			containerPortal = 40C062A829762E3F000B6639 /* Project object */;
			proxyType = 1;
			remoteGlobalIDString = 40C062AF29762E3F000B6639;
			remoteInfo = RecipeSearch;
		};
/* End PBXContainerItemProxy section */

/* Begin PBXFileReference section */
		40C062B029762E3F000B6639 /* RecipeSearch.app */ = {isa = PBXFileReference; explicitFileType = wrapper.application; includeInIndex = 0; path = RecipeSearch.app; sourceTree = BUILT_PRODUCTS_DIR; };
		40C062B329762E3F000B6639 /* AppDelegate.swift */ = {isa = PBXFileReference; lastKnownFileType = sourcecode.swift; path = AppDelegate.swift; sourceTree = "<group>"; };
		40C062B529762E3F000B6639 /* SceneDelegate.swift */ = {isa = PBXFileReference; lastKnownFileType = sourcecode.swift; path = SceneDelegate.swift; sourceTree = "<group>"; };
		40C062B729762E3F000B6639 /* ViewController.swift */ = {isa = PBXFileReference; lastKnownFileType = sourcecode.swift; path = ViewController.swift; sourceTree = "<group>"; };
		40C062BA29762E3F000B6639 /* Base */ = {isa = PBXFileReference; lastKnownFileType = file.storyboard; name = Base; path = Base.lproj/Main.storyboard; sourceTree = "<group>"; };
		40C062BC29762E40000B6639 /* Assets.xcassets */ = {isa = PBXFileReference; lastKnownFileType = folder.assetcatalog; path = Assets.xcassets; sourceTree = "<group>"; };
		40C062BF29762E40000B6639 /* Base */ = {isa = PBXFileReference; lastKnownFileType = file.storyboard; name = Base; path = Base.lproj/LaunchScreen.storyboard; sourceTree = "<group>"; };
		40C062C129762E40000B6639 /* Info.plist */ = {isa = PBXFileReference; lastKnownFileType = text.plist.xml; path = Info.plist; sourceTree = "<group>"; };
		40C062CB297631F3000B6639 /* Secrets.swift */ = {isa = PBXFileReference; lastKnownFileType = sourcecode.swift; path = Secrets.swift; sourceTree = "<group>"; };
		40C062CD2976FFF6000B6639 /* NetworkHelper.swift */ = {isa = PBXFileReference; lastKnownFileType = sourcecode.swift; path = NetworkHelper.swift; sourceTree = "<group>"; };
		40C062D329770061000B6639 /* RecipeSearchTests.xctest */ = {isa = PBXFileReference; explicitFileType = wrapper.cfbundle; includeInIndex = 0; path = RecipeSearchTests.xctest; sourceTree = BUILT_PRODUCTS_DIR; };
		40C062D529770061000B6639 /* RecipeSearchTests.swift */ = {isa = PBXFileReference; lastKnownFileType = sourcecode.swift; path = RecipeSearchTests.swift; sourceTree = "<group>"; };
		40C062DC297700A2000B6639 /* UIImage+Extensions.swift */ = {isa = PBXFileReference; lastKnownFileType = sourcecode.swift; path = "UIImage+Extensions.swift"; sourceTree = "<group>"; };
		40C062E12977072E000B6639 /* RecipeModel.swift */ = {isa = PBXFileReference; lastKnownFileType = sourcecode.swift; path = RecipeModel.swift; sourceTree = "<group>"; };
		40C062E3297707D7000B6639 /* RecipeSearchAPI.swift */ = {isa = PBXFileReference; lastKnownFileType = sourcecode.swift; path = RecipeSearchAPI.swift; sourceTree = "<group>"; };
/* End PBXFileReference section */

/* Begin PBXFrameworksBuildPhase section */
		40C062AD29762E3F000B6639 /* Frameworks */ = {
			isa = PBXFrameworksBuildPhase;
			buildActionMask = 2147483647;
			files = (
			);
			runOnlyForDeploymentPostprocessing = 0;
		};
		40C062D029770061000B6639 /* Frameworks */ = {
			isa = PBXFrameworksBuildPhase;
			buildActionMask = 2147483647;
			files = (
			);
			runOnlyForDeploymentPostprocessing = 0;
		};
/* End PBXFrameworksBuildPhase section */

/* Begin PBXGroup section */
		40C062A729762E3F000B6639 = {
			isa = PBXGroup;
			children = (
				40C062B229762E3F000B6639 /* RecipeSearch */,
				40C062D429770061000B6639 /* RecipeSearchTests */,
				40C062B129762E3F000B6639 /* Products */,
			);
			sourceTree = "<group>";
		};
		40C062B129762E3F000B6639 /* Products */ = {
			isa = PBXGroup;
			children = (
				40C062B029762E3F000B6639 /* RecipeSearch.app */,
				40C062D329770061000B6639 /* RecipeSearchTests.xctest */,
			);
			name = Products;
			sourceTree = "<group>";
		};
		40C062B229762E3F000B6639 /* RecipeSearch */ = {
			isa = PBXGroup;
			children = (
				40C062E629770DCC000B6639 /* Extensions */,
				40C062E529770DBE000B6639 /* Controllers */,
				40C062E029770721000B6639 /* Model */,
				40C062DE297700C1000B6639 /* Network Services */,
				40C062DF297700DA000B6639 /* Supporting */,
				40C062CA297631E8000B6639 /* Secrets */,
				40C062C129762E40000B6639 /* Info.plist */,
			);
			path = RecipeSearch;
			sourceTree = "<group>";
		};
		40C062CA297631E8000B6639 /* Secrets */ = {
			isa = PBXGroup;
			children = (
				40C062CB297631F3000B6639 /* Secrets.swift */,
			);
			path = Secrets;
			sourceTree = "<group>";
		};
		40C062D429770061000B6639 /* RecipeSearchTests */ = {
			isa = PBXGroup;
			children = (
				40C062D529770061000B6639 /* RecipeSearchTests.swift */,
			);
			path = RecipeSearchTests;
			sourceTree = "<group>";
		};
		40C062DE297700C1000B6639 /* Network Services */ = {
			isa = PBXGroup;
			children = (
				40C062CD2976FFF6000B6639 /* NetworkHelper.swift */,
				40C062E3297707D7000B6639 /* RecipeSearchAPI.swift */,
			);
			path = "Network Services";
			sourceTree = "<group>";
		};
		40C062DF297700DA000B6639 /* Supporting */ = {
			isa = PBXGroup;
			children = (
				40C062B329762E3F000B6639 /* AppDelegate.swift */,
				40C062B529762E3F000B6639 /* SceneDelegate.swift */,
				40C062B929762E3F000B6639 /* Main.storyboard */,
				40C062BE29762E40000B6639 /* LaunchScreen.storyboard */,
				40C062BC29762E40000B6639 /* Assets.xcassets */,
			);
			path = Supporting;
			sourceTree = "<group>";
		};
		40C062E029770721000B6639 /* Model */ = {
			isa = PBXGroup;
			children = (
				40C062E12977072E000B6639 /* RecipeModel.swift */,
			);
			path = Model;
			sourceTree = "<group>";
		};
		40C062E529770DBE000B6639 /* Controllers */ = {
			isa = PBXGroup;
			children = (
				40C062B729762E3F000B6639 /* ViewController.swift */,
			);
			path = Controllers;
			sourceTree = "<group>";
		};
		40C062E629770DCC000B6639 /* Extensions */ = {
			isa = PBXGroup;
			children = (
				40C062DC297700A2000B6639 /* UIImage+Extensions.swift */,
			);
			path = Extensions;
			sourceTree = "<group>";
		};
/* End PBXGroup section */

/* Begin PBXNativeTarget section */
		40C062AF29762E3F000B6639 /* RecipeSearch */ = {
			isa = PBXNativeTarget;
			buildConfigurationList = 40C062C429762E40000B6639 /* Build configuration list for PBXNativeTarget "RecipeSearch" */;
			buildPhases = (
				40C062AC29762E3F000B6639 /* Sources */,
				40C062AD29762E3F000B6639 /* Frameworks */,
				40C062AE29762E3F000B6639 /* Resources */,
			);
			buildRules = (
			);
			dependencies = (
			);
			name = RecipeSearch;
			productName = RecipeSearch;
			productReference = 40C062B029762E3F000B6639 /* RecipeSearch.app */;
			productType = "com.apple.product-type.application";
		};
		40C062D229770061000B6639 /* RecipeSearchTests */ = {
			isa = PBXNativeTarget;
			buildConfigurationList = 40C062D929770061000B6639 /* Build configuration list for PBXNativeTarget "RecipeSearchTests" */;
			buildPhases = (
				40C062CF29770061000B6639 /* Sources */,
				40C062D029770061000B6639 /* Frameworks */,
				40C062D129770061000B6639 /* Resources */,
			);
			buildRules = (
			);
			dependencies = (
				40C062D829770061000B6639 /* PBXTargetDependency */,
			);
			name = RecipeSearchTests;
			productName = RecipeSearchTests;
			productReference = 40C062D329770061000B6639 /* RecipeSearchTests.xctest */;
			productType = "com.apple.product-type.bundle.unit-test";
		};
/* End PBXNativeTarget section */

/* Begin PBXProject section */
		40C062A829762E3F000B6639 /* Project object */ = {
			isa = PBXProject;
			attributes = {
				BuildIndependentTargetsInParallel = 1;
				LastSwiftUpdateCheck = 1420;
				LastUpgradeCheck = 1420;
				TargetAttributes = {
					40C062AF29762E3F000B6639 = {
						CreatedOnToolsVersion = 14.2;
					};
					40C062D229770061000B6639 = {
						CreatedOnToolsVersion = 14.2;
						TestTargetID = 40C062AF29762E3F000B6639;
					};
				};
			};
			buildConfigurationList = 40C062AB29762E3F000B6639 /* Build configuration list for PBXProject "RecipeSearch" */;
			compatibilityVersion = "Xcode 14.0";
			developmentRegion = en;
			hasScannedForEncodings = 0;
			knownRegions = (
				en,
				Base,
			);
			mainGroup = 40C062A729762E3F000B6639;
			productRefGroup = 40C062B129762E3F000B6639 /* Products */;
			projectDirPath = "";
			projectRoot = "";
			targets = (
				40C062AF29762E3F000B6639 /* RecipeSearch */,
				40C062D229770061000B6639 /* RecipeSearchTests */,
			);
		};
/* End PBXProject section */

/* Begin PBXResourcesBuildPhase section */
		40C062AE29762E3F000B6639 /* Resources */ = {
			isa = PBXResourcesBuildPhase;
			buildActionMask = 2147483647;
			files = (
				40C062C029762E40000B6639 /* LaunchScreen.storyboard in Resources */,
				40C062BD29762E40000B6639 /* Assets.xcassets in Resources */,
				40C062BB29762E3F000B6639 /* Main.storyboard in Resources */,
			);
			runOnlyForDeploymentPostprocessing = 0;
		};
		40C062D129770061000B6639 /* Resources */ = {
			isa = PBXResourcesBuildPhase;
			buildActionMask = 2147483647;
			files = (
			);
			runOnlyForDeploymentPostprocessing = 0;
		};
/* End PBXResourcesBuildPhase section */

/* Begin PBXSourcesBuildPhase section */
		40C062AC29762E3F000B6639 /* Sources */ = {
			isa = PBXSourcesBuildPhase;
			buildActionMask = 2147483647;
			files = (
				40C062E4297707D7000B6639 /* RecipeSearchAPI.swift in Sources */,
				40C062E22977072E000B6639 /* RecipeModel.swift in Sources */,
				40C062B829762E3F000B6639 /* ViewController.swift in Sources */,
				40C062CC297631F3000B6639 /* Secrets.swift in Sources */,
				40C062CE2976FFF6000B6639 /* NetworkHelper.swift in Sources */,
				40C062DD297700A2000B6639 /* UIImage+Extensions.swift in Sources */,
				40C062B429762E3F000B6639 /* AppDelegate.swift in Sources */,
				40C062B629762E3F000B6639 /* SceneDelegate.swift in Sources */,
			);
			runOnlyForDeploymentPostprocessing = 0;
		};
		40C062CF29770061000B6639 /* Sources */ = {
			isa = PBXSourcesBuildPhase;
			buildActionMask = 2147483647;
			files = (
				40C062D629770061000B6639 /* RecipeSearchTests.swift in Sources */,
			);
			runOnlyForDeploymentPostprocessing = 0;
		};
/* End PBXSourcesBuildPhase section */

/* Begin PBXTargetDependency section */
		40C062D829770061000B6639 /* PBXTargetDependency */ = {
			isa = PBXTargetDependency;
			target = 40C062AF29762E3F000B6639 /* RecipeSearch */;
			targetProxy = 40C062D729770061000B6639 /* PBXContainerItemProxy */;
		};
/* End PBXTargetDependency section */

/* Begin PBXVariantGroup section */
		40C062B929762E3F000B6639 /* Main.storyboard */ = {
			isa = PBXVariantGroup;
			children = (
				40C062BA29762E3F000B6639 /* Base */,
			);
			name = Main.storyboard;
			sourceTree = "<group>";
		};
		40C062BE29762E40000B6639 /* LaunchScreen.storyboard */ = {
			isa = PBXVariantGroup;
			children = (
				40C062BF29762E40000B6639 /* Base */,
			);
			name = LaunchScreen.storyboard;
			sourceTree = "<group>";
		};
/* End PBXVariantGroup section */

/* Begin XCBuildConfiguration section */
		40C062C229762E40000B6639 /* Debug */ = {
			isa = XCBuildConfiguration;
			buildSettings = {
				ALWAYS_SEARCH_USER_PATHS = NO;
				CLANG_ANALYZER_NONNULL = YES;
				CLANG_ANALYZER_NUMBER_OBJECT_CONVERSION = YES_AGGRESSIVE;
				CLANG_CXX_LANGUAGE_STANDARD = "gnu++20";
				CLANG_ENABLE_MODULES = YES;
				CLANG_ENABLE_OBJC_ARC = YES;
				CLANG_ENABLE_OBJC_WEAK = YES;
				CLANG_WARN_BLOCK_CAPTURE_AUTORELEASING = YES;
				CLANG_WARN_BOOL_CONVERSION = YES;
				CLANG_WARN_COMMA = YES;
				CLANG_WARN_CONSTANT_CONVERSION = YES;
				CLANG_WARN_DEPRECATED_OBJC_IMPLEMENTATIONS = YES;
				CLANG_WARN_DIRECT_OBJC_ISA_USAGE = YES_ERROR;
				CLANG_WARN_DOCUMENTATION_COMMENTS = YES;
				CLANG_WARN_EMPTY_BODY = YES;
				CLANG_WARN_ENUM_CONVERSION = YES;
				CLANG_WARN_INFINITE_RECURSION = YES;
				CLANG_WARN_INT_CONVERSION = YES;
				CLANG_WARN_NON_LITERAL_NULL_CONVERSION = YES;
				CLANG_WARN_OBJC_IMPLICIT_RETAIN_SELF = YES;
				CLANG_WARN_OBJC_LITERAL_CONVERSION = YES;
				CLANG_WARN_OBJC_ROOT_CLASS = YES_ERROR;
				CLANG_WARN_QUOTED_INCLUDE_IN_FRAMEWORK_HEADER = YES;
				CLANG_WARN_RANGE_LOOP_ANALYSIS = YES;
				CLANG_WARN_STRICT_PROTOTYPES = YES;
				CLANG_WARN_SUSPICIOUS_MOVE = YES;
				CLANG_WARN_UNGUARDED_AVAILABILITY = YES_AGGRESSIVE;
				CLANG_WARN_UNREACHABLE_CODE = YES;
				CLANG_WARN__DUPLICATE_METHOD_MATCH = YES;
				COPY_PHASE_STRIP = NO;
				DEBUG_INFORMATION_FORMAT = dwarf;
				ENABLE_STRICT_OBJC_MSGSEND = YES;
				ENABLE_TESTABILITY = YES;
				GCC_C_LANGUAGE_STANDARD = gnu11;
				GCC_DYNAMIC_NO_PIC = NO;
				GCC_NO_COMMON_BLOCKS = YES;
				GCC_OPTIMIZATION_LEVEL = 0;
				GCC_PREPROCESSOR_DEFINITIONS = (
					"DEBUG=1",
					"$(inherited)",
				);
				GCC_WARN_64_TO_32_BIT_CONVERSION = YES;
				GCC_WARN_ABOUT_RETURN_TYPE = YES_ERROR;
				GCC_WARN_UNDECLARED_SELECTOR = YES;
				GCC_WARN_UNINITIALIZED_AUTOS = YES_AGGRESSIVE;
				GCC_WARN_UNUSED_FUNCTION = YES;
				GCC_WARN_UNUSED_VARIABLE = YES;
				IPHONEOS_DEPLOYMENT_TARGET = 16.2;
				MTL_ENABLE_DEBUG_INFO = INCLUDE_SOURCE;
				MTL_FAST_MATH = YES;
				ONLY_ACTIVE_ARCH = YES;
				SDKROOT = iphoneos;
				SWIFT_ACTIVE_COMPILATION_CONDITIONS = DEBUG;
				SWIFT_OPTIMIZATION_LEVEL = "-Onone";
			};
			name = Debug;
		};
		40C062C329762E40000B6639 /* Release */ = {
			isa = XCBuildConfiguration;
			buildSettings = {
				ALWAYS_SEARCH_USER_PATHS = NO;
				CLANG_ANALYZER_NONNULL = YES;
				CLANG_ANALYZER_NUMBER_OBJECT_CONVERSION = YES_AGGRESSIVE;
				CLANG_CXX_LANGUAGE_STANDARD = "gnu++20";
				CLANG_ENABLE_MODULES = YES;
				CLANG_ENABLE_OBJC_ARC = YES;
				CLANG_ENABLE_OBJC_WEAK = YES;
				CLANG_WARN_BLOCK_CAPTURE_AUTORELEASING = YES;
				CLANG_WARN_BOOL_CONVERSION = YES;
				CLANG_WARN_COMMA = YES;
				CLANG_WARN_CONSTANT_CONVERSION = YES;
				CLANG_WARN_DEPRECATED_OBJC_IMPLEMENTATIONS = YES;
				CLANG_WARN_DIRECT_OBJC_ISA_USAGE = YES_ERROR;
				CLANG_WARN_DOCUMENTATION_COMMENTS = YES;
				CLANG_WARN_EMPTY_BODY = YES;
				CLANG_WARN_ENUM_CONVERSION = YES;
				CLANG_WARN_INFINITE_RECURSION = YES;
				CLANG_WARN_INT_CONVERSION = YES;
				CLANG_WARN_NON_LITERAL_NULL_CONVERSION = YES;
				CLANG_WARN_OBJC_IMPLICIT_RETAIN_SELF = YES;
				CLANG_WARN_OBJC_LITERAL_CONVERSION = YES;
				CLANG_WARN_OBJC_ROOT_CLASS = YES_ERROR;
				CLANG_WARN_QUOTED_INCLUDE_IN_FRAMEWORK_HEADER = YES;
				CLANG_WARN_RANGE_LOOP_ANALYSIS = YES;
				CLANG_WARN_STRICT_PROTOTYPES = YES;
				CLANG_WARN_SUSPICIOUS_MOVE = YES;
				CLANG_WARN_UNGUARDED_AVAILABILITY = YES_AGGRESSIVE;
				CLANG_WARN_UNREACHABLE_CODE = YES;
				CLANG_WARN__DUPLICATE_METHOD_MATCH = YES;
				COPY_PHASE_STRIP = NO;
				DEBUG_INFORMATION_FORMAT = "dwarf-with-dsym";
				ENABLE_NS_ASSERTIONS = NO;
				ENABLE_STRICT_OBJC_MSGSEND = YES;
				GCC_C_LANGUAGE_STANDARD = gnu11;
				GCC_NO_COMMON_BLOCKS = YES;
				GCC_WARN_64_TO_32_BIT_CONVERSION = YES;
				GCC_WARN_ABOUT_RETURN_TYPE = YES_ERROR;
				GCC_WARN_UNDECLARED_SELECTOR = YES;
				GCC_WARN_UNINITIALIZED_AUTOS = YES_AGGRESSIVE;
				GCC_WARN_UNUSED_FUNCTION = YES;
				GCC_WARN_UNUSED_VARIABLE = YES;
				IPHONEOS_DEPLOYMENT_TARGET = 16.2;
				MTL_ENABLE_DEBUG_INFO = NO;
				MTL_FAST_MATH = YES;
				SDKROOT = iphoneos;
				SWIFT_COMPILATION_MODE = wholemodule;
				SWIFT_OPTIMIZATION_LEVEL = "-O";
				VALIDATE_PRODUCT = YES;
			};
			name = Release;
		};
		40C062C529762E40000B6639 /* Debug */ = {
			isa = XCBuildConfiguration;
			buildSettings = {
				ASSETCATALOG_COMPILER_APPICON_NAME = AppIcon;
				ASSETCATALOG_COMPILER_GLOBAL_ACCENT_COLOR_NAME = AccentColor;
				CODE_SIGN_STYLE = Automatic;
				CURRENT_PROJECT_VERSION = 1;
				DEVELOPMENT_TEAM = V23Z3P8TP3;
				GENERATE_INFOPLIST_FILE = YES;
				INFOPLIST_FILE = RecipeSearch/Info.plist;
				INFOPLIST_KEY_UIApplicationSupportsIndirectInputEvents = YES;
				INFOPLIST_KEY_UILaunchStoryboardName = LaunchScreen;
				INFOPLIST_KEY_UIMainStoryboardFile = Main;
				INFOPLIST_KEY_UISupportedInterfaceOrientations_iPad = "UIInterfaceOrientationPortrait UIInterfaceOrientationPortraitUpsideDown UIInterfaceOrientationLandscapeLeft UIInterfaceOrientationLandscapeRight";
				INFOPLIST_KEY_UISupportedInterfaceOrientations_iPhone = "UIInterfaceOrientationPortrait UIInterfaceOrientationLandscapeLeft UIInterfaceOrientationLandscapeRight";
				LD_RUNPATH_SEARCH_PATHS = (
					"$(inherited)",
					"@executable_path/Frameworks",
				);
				MARKETING_VERSION = 1.0;
				PRODUCT_BUNDLE_IDENTIFIER = com.CroweCoding.RecipeSearch;
				PRODUCT_NAME = "$(TARGET_NAME)";
				SWIFT_EMIT_LOC_STRINGS = YES;
				SWIFT_VERSION = 5.0;
				TARGETED_DEVICE_FAMILY = "1,2";
			};
			name = Debug;
		};
		40C062C629762E40000B6639 /* Release */ = {
			isa = XCBuildConfiguration;
			buildSettings = {
				ASSETCATALOG_COMPILER_APPICON_NAME = AppIcon;
				ASSETCATALOG_COMPILER_GLOBAL_ACCENT_COLOR_NAME = AccentColor;
				CODE_SIGN_STYLE = Automatic;
				CURRENT_PROJECT_VERSION = 1;
				DEVELOPMENT_TEAM = V23Z3P8TP3;
				GENERATE_INFOPLIST_FILE = YES;
				INFOPLIST_FILE = RecipeSearch/Info.plist;
				INFOPLIST_KEY_UIApplicationSupportsIndirectInputEvents = YES;
				INFOPLIST_KEY_UILaunchStoryboardName = LaunchScreen;
				INFOPLIST_KEY_UIMainStoryboardFile = Main;
				INFOPLIST_KEY_UISupportedInterfaceOrientations_iPad = "UIInterfaceOrientationPortrait UIInterfaceOrientationPortraitUpsideDown UIInterfaceOrientationLandscapeLeft UIInterfaceOrientationLandscapeRight";
				INFOPLIST_KEY_UISupportedInterfaceOrientations_iPhone = "UIInterfaceOrientationPortrait UIInterfaceOrientationLandscapeLeft UIInterfaceOrientationLandscapeRight";
				LD_RUNPATH_SEARCH_PATHS = (
					"$(inherited)",
					"@executable_path/Frameworks",
				);
				MARKETING_VERSION = 1.0;
				PRODUCT_BUNDLE_IDENTIFIER = com.CroweCoding.RecipeSearch;
				PRODUCT_NAME = "$(TARGET_NAME)";
				SWIFT_EMIT_LOC_STRINGS = YES;
				SWIFT_VERSION = 5.0;
				TARGETED_DEVICE_FAMILY = "1,2";
			};
			name = Release;
		};
		40C062DA29770061000B6639 /* Debug */ = {
			isa = XCBuildConfiguration;
			buildSettings = {
				BUNDLE_LOADER = "$(TEST_HOST)";
				CODE_SIGN_STYLE = Automatic;
				CURRENT_PROJECT_VERSION = 1;
				DEVELOPMENT_TEAM = V23Z3P8TP3;
				GENERATE_INFOPLIST_FILE = YES;
				IPHONEOS_DEPLOYMENT_TARGET = 16.2;
				MACOSX_DEPLOYMENT_TARGET = 13.1;
				MARKETING_VERSION = 1.0;
				PRODUCT_BUNDLE_IDENTIFIER = com.CroweCoding.RecipeSearchTests;
				PRODUCT_NAME = "$(TARGET_NAME)";
				SDKROOT = auto;
				SUPPORTED_PLATFORMS = "iphoneos iphonesimulator macosx";
				SWIFT_EMIT_LOC_STRINGS = NO;
				SWIFT_VERSION = 5.0;
				TARGETED_DEVICE_FAMILY = "1,2";
				TEST_HOST = "$(BUILT_PRODUCTS_DIR)/RecipeSearch.app/$(BUNDLE_EXECUTABLE_FOLDER_PATH)/RecipeSearch";
			};
			name = Debug;
		};
		40C062DB29770061000B6639 /* Release */ = {
			isa = XCBuildConfiguration;
			buildSettings = {
				BUNDLE_LOADER = "$(TEST_HOST)";
				CODE_SIGN_STYLE = Automatic;
				CURRENT_PROJECT_VERSION = 1;
				DEVELOPMENT_TEAM = V23Z3P8TP3;
				GENERATE_INFOPLIST_FILE = YES;
				IPHONEOS_DEPLOYMENT_TARGET = 16.2;
				MACOSX_DEPLOYMENT_TARGET = 13.1;
				MARKETING_VERSION = 1.0;
				PRODUCT_BUNDLE_IDENTIFIER = com.CroweCoding.RecipeSearchTests;
				PRODUCT_NAME = "$(TARGET_NAME)";
				SDKROOT = auto;
				SUPPORTED_PLATFORMS = "iphoneos iphonesimulator macosx";
				SWIFT_EMIT_LOC_STRINGS = NO;
				SWIFT_VERSION = 5.0;
				TARGETED_DEVICE_FAMILY = "1,2";
				TEST_HOST = "$(BUILT_PRODUCTS_DIR)/RecipeSearch.app/$(BUNDLE_EXECUTABLE_FOLDER_PATH)/RecipeSearch";
			};
			name = Release;
		};
/* End XCBuildConfiguration section */

/* Begin XCConfigurationList section */
		40C062AB29762E3F000B6639 /* Build configuration list for PBXProject "RecipeSearch" */ = {
			isa = XCConfigurationList;
			buildConfigurations = (
				40C062C229762E40000B6639 /* Debug */,
				40C062C329762E40000B6639 /* Release */,
			);
			defaultConfigurationIsVisible = 0;
			defaultConfigurationName = Release;
		};
		40C062C429762E40000B6639 /* Build configuration list for PBXNativeTarget "RecipeSearch" */ = {
			isa = XCConfigurationList;
			buildConfigurations = (
				40C062C529762E40000B6639 /* Debug */,
				40C062C629762E40000B6639 /* Release */,
			);
			defaultConfigurationIsVisible = 0;
			defaultConfigurationName = Release;
		};
		40C062D929770061000B6639 /* Build configuration list for PBXNativeTarget "RecipeSearchTests" */ = {
			isa = XCConfigurationList;
			buildConfigurations = (
				40C062DA29770061000B6639 /* Debug */,
				40C062DB29770061000B6639 /* Release */,
			);
			defaultConfigurationIsVisible = 0;
			defaultConfigurationName = Release;
		};
/* End XCConfigurationList section */
	};
	rootObject = 40C062A829762E3F000B6639 /* Project object */;
}
